{
    "_readme": [
        "This file locks the dependencies of your project to a known state",
        "Read more about it at https://getcomposer.org/doc/01-basic-usage.md#installing-dependencies",
        "This file is @generated automatically"
    ],
    "content-hash": "e7a409078a360192ca82729d6c0efb01",
    "packages": [
        {
            "name": "ohmy/auth",
            "version": "0.0.7",
            "source": {
                "type": "git",
                "url": "https://github.com/sudocode/ohmy-auth.git",
                "reference": "508dfb5ee45f3827330f0627c599807f92ee0324"
            },
            "dist": {
                "type": "zip",
                "url": "https://api.github.com/repos/sudocode/ohmy-auth/zipball/508dfb5ee45f3827330f0627c599807f92ee0324",
                "reference": "508dfb5ee45f3827330f0627c599807f92ee0324",
                "shasum": ""
            },
            "require": {
                "php": ">=5.3.0"
            },
            "type": "library",
            "autoload": {
                "psr-0": {
                    "ohmy": "src"
                }
            },
            "notification-url": "https://packagist.org/downloads/",
            "license": [
                "New BSD"
            ],
            "authors": [
                {
                    "name": "Daniel Park",
                    "email": "sudocoder@ymail.com",
                    "homepage": "http://sudoco.de/",
                    "role": "Developer"
                }
            ],
            "description": "OAuth so easy.. you won't even believe it's OAuth",
            "homepage": "https://github.com/sudocode/ohmy-auth",
            "keywords": [
                "oauth"
            ],
            "abandoned": true,
            "time": "2014-04-13T06:34:13+00:00"
        }
    ],
    "packages-dev": [],
    "aliases": [],
    "minimum-stability": "stable",
    "stability-flags": [],
    "prefer-stable": false,
    "prefer-lowest": false,
    "platform": [],
    "platform-dev": [],
    "plugin-api-version": "1.1.0"
}
